
Microsoft Visual Studio Solution File, Format Version 12.00
# Visual Studio 15
VisualStudioVersion = 15.0.27009.1
MinimumVisualStudioVersion = 10.0.40219.1
Project("{FAE04EC0-301F-11D3-BF4B-00C04F79EFBC}") = "ASP.NET_Core_on_MONO", "ASP.NET Core on Framework\ASP.NET_Core_on_MONO.csproj", "{1BEDBFEA-FAE7-4EE6-B8F2-98CCEE3EDEF6}"
EndProject
Global
	GlobalSection(SolutionConfigurationPlatforms) = preSolution
		Debug|Any CPU = Debug|Any CPU
		Release|Any CPU = Release|Any CPU
	EndGlobalSection
	GlobalSection(ProjectConfigurationPlatforms) = postSolution
		{1BEDBFEA-FAE7-4EE6-B8F2-98CCEE3EDEF6}.Debug|Any CPU.ActiveCfg = Debug|Any CPU
		{1BEDBFEA-FAE7-4EE6-B8F2-98CCEE3EDEF6}.Debug|Any CPU.Build.0 = Debug|Any CPU
		{1BEDBFEA-FAE7-4EE6-B8F2-98CCEE3EDEF6}.Release|Any CPU.ActiveCfg = Release|Any CPU
		{1BEDBFEA-FAE7-4EE6-B8F2-98CCEE3EDEF6}.Release|Any CPU.Build.0 = Release|Any CPU
	EndGlobalSection
	GlobalSection(SolutionProperties) = preSolution
		HideSolutionNode = FALSE
	EndGlobalSection
	GlobalSection(ExtensibilityGlobals) = postSolution
		SolutionGuid = {F67A2B21-2000-45FB-AFA8-89B7AA82059E}
	EndGlobalSection
EndGlobal
